
Microsoft Visual Studio Solution File, Format Version 12.00
Project("{F2A71F9B-5D33-465A-A702-920D77279786}") = "fs_ass3", "fs_ass3.fsproj", "{3B2BFF1E-88AF-40A8-8BA4-E476CC270896}"
EndProject
Global
	GlobalSection(SolutionConfigurationPlatforms) = preSolution
		Debug|Any CPU = Debug|Any CPU
		Release|Any CPU = Release|Any CPU
	EndGlobalSection
	GlobalSection(ProjectConfigurationPlatforms) = postSolution
		{3B2BFF1E-88AF-40A8-8BA4-E476CC270896}.Debug|Any CPU.ActiveCfg = Debug|Any CPU
		{3B2BFF1E-88AF-40A8-8BA4-E476CC270896}.Debug|Any CPU.Build.0 = Debug|Any CPU
		{3B2BFF1E-88AF-40A8-8BA4-E476CC270896}.Release|Any CPU.ActiveCfg = Release|Any CPU
		{3B2BFF1E-88AF-40A8-8BA4-E476CC270896}.Release|Any CPU.Build.0 = Release|Any CPU
	EndGlobalSection
EndGlobal
